
Microsoft Visual Studio Solution File, Format Version 12.00
# Visual Studio Version 17
VisualStudioVersion = 17.4.33403.182
MinimumVisualStudioVersion = 10.0.40219.1
Project("{FAE04EC0-301F-11D3-BF4B-00C04F79EFBC}") = "Examen Unidad3 ETRD", "Examen Unidad3 ETRD.csproj", "{7EB970E2-E8A3-4825-B0C4-B3D213E0E97D}"
EndProject
Global
	GlobalSection(SolutionConfigurationPlatforms) = preSolution
		Debug|Any CPU = Debug|Any CPU
		Release|Any CPU = Release|Any CPU
	EndGlobalSection
	GlobalSection(ProjectConfigurationPlatforms) = postSolution
		{7EB970E2-E8A3-4825-B0C4-B3D213E0E97D}.Debug|Any CPU.ActiveCfg = Debug|Any CPU
		{7EB970E2-E8A3-4825-B0C4-B3D213E0E97D}.Debug|Any CPU.Build.0 = Debug|Any CPU
		{7EB970E2-E8A3-4825-B0C4-B3D213E0E97D}.Release|Any CPU.ActiveCfg = Release|Any CPU
		{7EB970E2-E8A3-4825-B0C4-B3D213E0E97D}.Release|Any CPU.Build.0 = Release|Any CPU
	EndGlobalSection
	GlobalSection(SolutionProperties) = preSolution
		HideSolutionNode = FALSE
	EndGlobalSection
	GlobalSection(ExtensibilityGlobals) = postSolution
		SolutionGuid = {EBC1284F-2097-4CA2-BD06-C9E0DE95A349}
	EndGlobalSection
EndGlobal
